
Microsoft Visual Studio Solution File, Format Version 12.00
# Visual Studio Version 16
VisualStudioVersion = 16.0.30204.135
MinimumVisualStudioVersion = 10.0.40219.1
Project("{FAE04EC0-301F-11D3-BF4B-00C04F79EFBC}") = "dryrun-gammon", "dryrun-gammon\dryrun-gammon.csproj", "{F01B34DC-B420-4124-8ABE-8A3D746C440D}"
EndProject
Global
	GlobalSection(SolutionConfigurationPlatforms) = preSolution
		Debug|Any CPU = Debug|Any CPU
		Release|Any CPU = Release|Any CPU
	EndGlobalSection
	GlobalSection(ProjectConfigurationPlatforms) = postSolution
		{F01B34DC-B420-4124-8ABE-8A3D746C440D}.Debug|Any CPU.ActiveCfg = Debug|Any CPU
		{F01B34DC-B420-4124-8ABE-8A3D746C440D}.Debug|Any CPU.Build.0 = Debug|Any CPU
		{F01B34DC-B420-4124-8ABE-8A3D746C440D}.Release|Any CPU.ActiveCfg = Release|Any CPU
		{F01B34DC-B420-4124-8ABE-8A3D746C440D}.Release|Any CPU.Build.0 = Release|Any CPU
	EndGlobalSection
	GlobalSection(SolutionProperties) = preSolution
		HideSolutionNode = FALSE
	EndGlobalSection
	GlobalSection(ExtensibilityGlobals) = postSolution
		SolutionGuid = {C5A63383-DAC0-4B55-B45A-95E589133F7C}
	EndGlobalSection
EndGlobal
